// !$*UTF8*$!
{
	archiveVersion = 1;
	classes = {
	};
	objectVersion = 55;
	objects = {

/* Begin PBXBuildFile section */
		1E574E3929A60BE80070B03B /* AppDelegate.swift in Sources */ = {isa = PBXBuildFile; fileRef = 1E574E3829A60BE80070B03B /* AppDelegate.swift */; };
		1E574E3B29A60BE80070B03B /* SceneDelegate.swift in Sources */ = {isa = PBXBuildFile; fileRef = 1E574E3A29A60BE80070B03B /* SceneDelegate.swift */; };
		1E574E3D29A60BE80070B03B /* MainViewController.swift in Sources */ = {isa = PBXBuildFile; fileRef = 1E574E3C29A60BE80070B03B /* MainViewController.swift */; };
		1E574E4229A60BE90070B03B /* Assets.xcassets in Resources */ = {isa = PBXBuildFile; fileRef = 1E574E4129A60BE90070B03B /* Assets.xcassets */; };
		1E574E4529A60BE90070B03B /* LaunchScreen.storyboard in Resources */ = {isa = PBXBuildFile; fileRef = 1E574E4329A60BE90070B03B /* LaunchScreen.storyboard */; };
		1E574E5029A60BE90070B03B /* ConcurrencyPracticeTests.swift in Sources */ = {isa = PBXBuildFile; fileRef = 1E574E4F29A60BE90070B03B /* ConcurrencyPracticeTests.swift */; };
		1E574E5A29A60BE90070B03B /* ConcurrencyPracticeUITests.swift in Sources */ = {isa = PBXBuildFile; fileRef = 1E574E5929A60BE90070B03B /* ConcurrencyPracticeUITests.swift */; };
		1E574E5C29A60BE90070B03B /* ConcurrencyPracticeUITestsLaunchTests.swift in Sources */ = {isa = PBXBuildFile; fileRef = 1E574E5B29A60BE90070B03B /* ConcurrencyPracticeUITestsLaunchTests.swift */; };
/* End PBXBuildFile section */

/* Begin PBXContainerItemProxy section */
		1E574E4C29A60BE90070B03B /* PBXContainerItemProxy */ = {
			isa = PBXContainerItemProxy;
			containerPortal = 1E574E2D29A60BE80070B03B /* Project object */;
			proxyType = 1;
			remoteGlobalIDString = 1E574E3429A60BE80070B03B;
			remoteInfo = ConcurrencyPractice;
		};
		1E574E5629A60BE90070B03B /* PBXContainerItemProxy */ = {
			isa = PBXContainerItemProxy;
			containerPortal = 1E574E2D29A60BE80070B03B /* Project object */;
			proxyType = 1;
			remoteGlobalIDString = 1E574E3429A60BE80070B03B;
			remoteInfo = ConcurrencyPractice;
		};
/* End PBXContainerItemProxy section */

/* Begin PBXFileReference section */
		1E574E3529A60BE80070B03B /* ConcurrencyPractice.app */ = {isa = PBXFileReference; explicitFileType = wrapper.application; includeInIndex = 0; path = ConcurrencyPractice.app; sourceTree = BUILT_PRODUCTS_DIR; };
		1E574E3829A60BE80070B03B /* AppDelegate.swift */ = {isa = PBXFileReference; lastKnownFileType = sourcecode.swift; path = AppDelegate.swift; sourceTree = "<group>"; };
		1E574E3A29A60BE80070B03B /* SceneDelegate.swift */ = {isa = PBXFileReference; lastKnownFileType = sourcecode.swift; path = SceneDelegate.swift; sourceTree = "<group>"; };
		1E574E3C29A60BE80070B03B /* MainViewController.swift */ = {isa = PBXFileReference; lastKnownFileType = sourcecode.swift; path = MainViewController.swift; sourceTree = "<group>"; };
		1E574E4129A60BE90070B03B /* Assets.xcassets */ = {isa = PBXFileReference; lastKnownFileType = folder.assetcatalog; path = Assets.xcassets; sourceTree = "<group>"; };
		1E574E4429A60BE90070B03B /* Base */ = {isa = PBXFileReference; lastKnownFileType = file.storyboard; name = Base; path = Base.lproj/LaunchScreen.storyboard; sourceTree = "<group>"; };
		1E574E4629A60BE90070B03B /* Info.plist */ = {isa = PBXFileReference; lastKnownFileType = text.plist.xml; name = Info.plist; path = ConcurrencyPractice/Configuration/Info.plist; sourceTree = SOURCE_ROOT; };
		1E574E4B29A60BE90070B03B /* ConcurrencyPracticeTests.xctest */ = {isa = PBXFileReference; explicitFileType = wrapper.cfbundle; includeInIndex = 0; path = ConcurrencyPracticeTests.xctest; sourceTree = BUILT_PRODUCTS_DIR; };
		1E574E4F29A60BE90070B03B /* ConcurrencyPracticeTests.swift */ = {isa = PBXFileReference; lastKnownFileType = sourcecode.swift; path = ConcurrencyPracticeTests.swift; sourceTree = "<group>"; };
		1E574E5529A60BE90070B03B /* ConcurrencyPracticeUITests.xctest */ = {isa = PBXFileReference; explicitFileType = wrapper.cfbundle; includeInIndex = 0; path = ConcurrencyPracticeUITests.xctest; sourceTree = BUILT_PRODUCTS_DIR; };
		1E574E5929A60BE90070B03B /* ConcurrencyPracticeUITests.swift */ = {isa = PBXFileReference; lastKnownFileType = sourcecode.swift; path = ConcurrencyPracticeUITests.swift; sourceTree = "<group>"; };
		1E574E5B29A60BE90070B03B /* ConcurrencyPracticeUITestsLaunchTests.swift */ = {isa = PBXFileReference; lastKnownFileType = sourcecode.swift; path = ConcurrencyPracticeUITestsLaunchTests.swift; sourceTree = "<group>"; };
/* End PBXFileReference section */

/* Begin PBXFrameworksBuildPhase section */
		1E574E3229A60BE80070B03B /* Frameworks */ = {
			isa = PBXFrameworksBuildPhase;
			buildActionMask = 2147483647;
			files = (
			);
			runOnlyForDeploymentPostprocessing = 0;
		};
		1E574E4829A60BE90070B03B /* Frameworks */ = {
			isa = PBXFrameworksBuildPhase;
			buildActionMask = 2147483647;
			files = (
			);
			runOnlyForDeploymentPostprocessing = 0;
		};
		1E574E5229A60BE90070B03B /* Frameworks */ = {
			isa = PBXFrameworksBuildPhase;
			buildActionMask = 2147483647;
			files = (
			);
			runOnlyForDeploymentPostprocessing = 0;
		};
/* End PBXFrameworksBuildPhase section */

/* Begin PBXGroup section */
		1E574E2C29A60BE80070B03B = {
			isa = PBXGroup;
			children = (
				1E574E3729A60BE80070B03B /* ConcurrencyPractice */,
				1E574E4E29A60BE90070B03B /* ConcurrencyPracticeTests */,
				1E574E5829A60BE90070B03B /* ConcurrencyPracticeUITests */,
				1E574E3629A60BE80070B03B /* Products */,
			);
			sourceTree = "<group>";
		};
		1E574E3629A60BE80070B03B /* Products */ = {
			isa = PBXGroup;
			children = (
				1E574E3529A60BE80070B03B /* ConcurrencyPractice.app */,
				1E574E4B29A60BE90070B03B /* ConcurrencyPracticeTests.xctest */,
				1E574E5529A60BE90070B03B /* ConcurrencyPracticeUITests.xctest */,
			);
			name = Products;
			sourceTree = "<group>";
		};
		1E574E3729A60BE80070B03B /* ConcurrencyPractice */ = {
			isa = PBXGroup;
			children = (
				1E574E6E29A60D260070B03B /* Configuration */,
				1E574E6C29A60CFE0070B03B /* Resource */,
				1E574E6D29A60D030070B03B /* Source */,
			);
			path = ConcurrencyPractice;
			sourceTree = "<group>";
		};
		1E574E4E29A60BE90070B03B /* ConcurrencyPracticeTests */ = {
			isa = PBXGroup;
			children = (
				1E574E4F29A60BE90070B03B /* ConcurrencyPracticeTests.swift */,
			);
			path = ConcurrencyPracticeTests;
			sourceTree = "<group>";
		};
		1E574E5829A60BE90070B03B /* ConcurrencyPracticeUITests */ = {
			isa = PBXGroup;
			children = (
				1E574E5929A60BE90070B03B /* ConcurrencyPracticeUITests.swift */,
				1E574E5B29A60BE90070B03B /* ConcurrencyPracticeUITestsLaunchTests.swift */,
			);
			path = ConcurrencyPracticeUITests;
			sourceTree = "<group>";
		};
		1E574E6829A60CE40070B03B /* Application */ = {
			isa = PBXGroup;
			children = (
				1E574E3829A60BE80070B03B /* AppDelegate.swift */,
				1E574E3A29A60BE80070B03B /* SceneDelegate.swift */,
			);
			path = Application;
			sourceTree = "<group>";
		};
		1E574E6929A60CEF0070B03B /* Domain */ = {
			isa = PBXGroup;
			children = (
			);
			path = Domain;
			sourceTree = "<group>";
		};
		1E574E6A29A60CF30070B03B /* Data */ = {
			isa = PBXGroup;
			children = (
			);
			path = Data;
			sourceTree = "<group>";
		};
		1E574E6B29A60CF70070B03B /* Presentation */ = {
			isa = PBXGroup;
			children = (
				1E574E3C29A60BE80070B03B /* MainViewController.swift */,
			);
			path = Presentation;
			sourceTree = "<group>";
		};
		1E574E6C29A60CFE0070B03B /* Resource */ = {
			isa = PBXGroup;
			children = (
				1E574E4129A60BE90070B03B /* Assets.xcassets */,
				1E574E4329A60BE90070B03B /* LaunchScreen.storyboard */,
			);
			path = Resource;
			sourceTree = "<group>";
		};
		1E574E6D29A60D030070B03B /* Source */ = {
			isa = PBXGroup;
			children = (
				1E574E6829A60CE40070B03B /* Application */,
				1E574E6B29A60CF70070B03B /* Presentation */,
				1E574E6929A60CEF0070B03B /* Domain */,
				1E574E6A29A60CF30070B03B /* Data */,
			);
			path = Source;
			sourceTree = "<group>";
		};
		1E574E6E29A60D260070B03B /* Configuration */ = {
			isa = PBXGroup;
			children = (
				1E574E4629A60BE90070B03B /* Info.plist */,
			);
			path = Configuration;
			sourceTree = "<group>";
		};
/* End PBXGroup section */

/* Begin PBXNativeTarget section */
		1E574E3429A60BE80070B03B /* ConcurrencyPractice */ = {
			isa = PBXNativeTarget;
			buildConfigurationList = 1E574E5F29A60BE90070B03B /* Build configuration list for PBXNativeTarget "ConcurrencyPractice" */;
			buildPhases = (
				1E574E3129A60BE80070B03B /* Sources */,
				1E574E3229A60BE80070B03B /* Frameworks */,
				1E574E3329A60BE80070B03B /* Resources */,
			);
			buildRules = (
			);
			dependencies = (
			);
			name = ConcurrencyPractice;
			productName = ConcurrencyPractice;
			productReference = 1E574E3529A60BE80070B03B /* ConcurrencyPractice.app */;
			productType = "com.apple.product-type.application";
		};
		1E574E4A29A60BE90070B03B /* ConcurrencyPracticeTests */ = {
			isa = PBXNativeTarget;
			buildConfigurationList = 1E574E6229A60BE90070B03B /* Build configuration list for PBXNativeTarget "ConcurrencyPracticeTests" */;
			buildPhases = (
				1E574E4729A60BE90070B03B /* Sources */,
				1E574E4829A60BE90070B03B /* Frameworks */,
				1E574E4929A60BE90070B03B /* Resources */,
			);
			buildRules = (
			);
			dependencies = (
				1E574E4D29A60BE90070B03B /* PBXTargetDependency */,
			);
			name = ConcurrencyPracticeTests;
			productName = ConcurrencyPracticeTests;
			productReference = 1E574E4B29A60BE90070B03B /* ConcurrencyPracticeTests.xctest */;
			productType = "com.apple.product-type.bundle.unit-test";
		};
		1E574E5429A60BE90070B03B /* ConcurrencyPracticeUITests */ = {
			isa = PBXNativeTarget;
			buildConfigurationList = 1E574E6529A60BE90070B03B /* Build configuration list for PBXNativeTarget "ConcurrencyPracticeUITests" */;
			buildPhases = (
				1E574E5129A60BE90070B03B /* Sources */,
				1E574E5229A60BE90070B03B /* Frameworks */,
				1E574E5329A60BE90070B03B /* Resources */,
			);
			buildRules = (
			);
			dependencies = (
				1E574E5729A60BE90070B03B /* PBXTargetDependency */,
			);
			name = ConcurrencyPracticeUITests;
			productName = ConcurrencyPracticeUITests;
			productReference = 1E574E5529A60BE90070B03B /* ConcurrencyPracticeUITests.xctest */;
			productType = "com.apple.product-type.bundle.ui-testing";
		};
/* End PBXNativeTarget section */

/* Begin PBXProject section */
		1E574E2D29A60BE80070B03B /* Project object */ = {
			isa = PBXProject;
			attributes = {
				BuildIndependentTargetsInParallel = 1;
				LastSwiftUpdateCheck = 1340;
				LastUpgradeCheck = 1340;
				TargetAttributes = {
					1E574E3429A60BE80070B03B = {
						CreatedOnToolsVersion = 13.4;
					};
					1E574E4A29A60BE90070B03B = {
						CreatedOnToolsVersion = 13.4;
						TestTargetID = 1E574E3429A60BE80070B03B;
					};
					1E574E5429A60BE90070B03B = {
						CreatedOnToolsVersion = 13.4;
						TestTargetID = 1E574E3429A60BE80070B03B;
					};
				};
			};
			buildConfigurationList = 1E574E3029A60BE80070B03B /* Build configuration list for PBXProject "ConcurrencyPractice" */;
			compatibilityVersion = "Xcode 13.0";
			developmentRegion = en;
			hasScannedForEncodings = 0;
			knownRegions = (
				en,
				Base,
			);
			mainGroup = 1E574E2C29A60BE80070B03B;
			productRefGroup = 1E574E3629A60BE80070B03B /* Products */;
			projectDirPath = "";
			projectRoot = "";
			targets = (
				1E574E3429A60BE80070B03B /* ConcurrencyPractice */,
				1E574E4A29A60BE90070B03B /* ConcurrencyPracticeTests */,
				1E574E5429A60BE90070B03B /* ConcurrencyPracticeUITests */,
			);
		};
/* End PBXProject section */

/* Begin PBXResourcesBuildPhase section */
		1E574E3329A60BE80070B03B /* Resources */ = {
			isa = PBXResourcesBuildPhase;
			buildActionMask = 2147483647;
			files = (
				1E574E4529A60BE90070B03B /* LaunchScreen.storyboard in Resources */,
				1E574E4229A60BE90070B03B /* Assets.xcassets in Resources */,
			);
			runOnlyForDeploymentPostprocessing = 0;
		};
		1E574E4929A60BE90070B03B /* Resources */ = {
			isa = PBXResourcesBuildPhase;
			buildActionMask = 2147483647;
			files = (
			);
			runOnlyForDeploymentPostprocessing = 0;
		};
		1E574E5329A60BE90070B03B /* Resources */ = {
			isa = PBXResourcesBuildPhase;
			buildActionMask = 2147483647;
			files = (
			);
			runOnlyForDeploymentPostprocessing = 0;
		};
/* End PBXResourcesBuildPhase section */

/* Begin PBXSourcesBuildPhase section */
		1E574E3129A60BE80070B03B /* Sources */ = {
			isa = PBXSourcesBuildPhase;
			buildActionMask = 2147483647;
			files = (
				1E574E3D29A60BE80070B03B /* MainViewController.swift in Sources */,
				1E574E3929A60BE80070B03B /* AppDelegate.swift in Sources */,
				1E574E3B29A60BE80070B03B /* SceneDelegate.swift in Sources */,
			);
			runOnlyForDeploymentPostprocessing = 0;
		};
		1E574E4729A60BE90070B03B /* Sources */ = {
			isa = PBXSourcesBuildPhase;
			buildActionMask = 2147483647;
			files = (
				1E574E5029A60BE90070B03B /* ConcurrencyPracticeTests.swift in Sources */,
			);
			runOnlyForDeploymentPostprocessing = 0;
		};
		1E574E5129A60BE90070B03B /* Sources */ = {
			isa = PBXSourcesBuildPhase;
			buildActionMask = 2147483647;
			files = (
				1E574E5A29A60BE90070B03B /* ConcurrencyPracticeUITests.swift in Sources */,
				1E574E5C29A60BE90070B03B /* ConcurrencyPracticeUITestsLaunchTests.swift in Sources */,
			);
			runOnlyForDeploymentPostprocessing = 0;
		};
/* End PBXSourcesBuildPhase section */

/* Begin PBXTargetDependency section */
		1E574E4D29A60BE90070B03B /* PBXTargetDependency */ = {
			isa = PBXTargetDependency;
			target = 1E574E3429A60BE80070B03B /* ConcurrencyPractice */;
			targetProxy = 1E574E4C29A60BE90070B03B /* PBXContainerItemProxy */;
		};
		1E574E5729A60BE90070B03B /* PBXTargetDependency */ = {
			isa = PBXTargetDependency;
			target = 1E574E3429A60BE80070B03B /* ConcurrencyPractice */;
			targetProxy = 1E574E5629A60BE90070B03B /* PBXContainerItemProxy */;
		};
/* End PBXTargetDependency section */

/* Begin PBXVariantGroup section */
		1E574E4329A60BE90070B03B /* LaunchScreen.storyboard */ = {
			isa = PBXVariantGroup;
			children = (
				1E574E4429A60BE90070B03B /* Base */,
			);
			name = LaunchScreen.storyboard;
			sourceTree = "<group>";
		};
/* End PBXVariantGroup section */

/* Begin XCBuildConfiguration section */
		1E574E5D29A60BE90070B03B /* Debug */ = {
			isa = XCBuildConfiguration;
			buildSettings = {
				ALWAYS_SEARCH_USER_PATHS = NO;
				CLANG_ANALYZER_NONNULL = YES;
				CLANG_ANALYZER_NUMBER_OBJECT_CONVERSION = YES_AGGRESSIVE;
				CLANG_CXX_LANGUAGE_STANDARD = "gnu++17";
				CLANG_ENABLE_MODULES = YES;
				CLANG_ENABLE_OBJC_ARC = YES;
				CLANG_ENABLE_OBJC_WEAK = YES;
				CLANG_WARN_BLOCK_CAPTURE_AUTORELEASING = YES;
				CLANG_WARN_BOOL_CONVERSION = YES;
				CLANG_WARN_COMMA = YES;
				CLANG_WARN_CONSTANT_CONVERSION = YES;
				CLANG_WARN_DEPRECATED_OBJC_IMPLEMENTATIONS = YES;
				CLANG_WARN_DIRECT_OBJC_ISA_USAGE = YES_ERROR;
				CLANG_WARN_DOCUMENTATION_COMMENTS = YES;
				CLANG_WARN_EMPTY_BODY = YES;
				CLANG_WARN_ENUM_CONVERSION = YES;
				CLANG_WARN_INFINITE_RECURSION = YES;
				CLANG_WARN_INT_CONVERSION = YES;
				CLANG_WARN_NON_LITERAL_NULL_CONVERSION = YES;
				CLANG_WARN_OBJC_IMPLICIT_RETAIN_SELF = YES;
				CLANG_WARN_OBJC_LITERAL_CONVERSION = YES;
				CLANG_WARN_OBJC_ROOT_CLASS = YES_ERROR;
				CLANG_WARN_QUOTED_INCLUDE_IN_FRAMEWORK_HEADER = YES;
				CLANG_WARN_RANGE_LOOP_ANALYSIS = YES;
				CLANG_WARN_STRICT_PROTOTYPES = YES;
				CLANG_WARN_SUSPICIOUS_MOVE = YES;
				CLANG_WARN_UNGUARDED_AVAILABILITY = YES_AGGRESSIVE;
				CLANG_WARN_UNREACHABLE_CODE = YES;
				CLANG_WARN__DUPLICATE_METHOD_MATCH = YES;
				COPY_PHASE_STRIP = NO;
				DEBUG_INFORMATION_FORMAT = dwarf;
				ENABLE_STRICT_OBJC_MSGSEND = YES;
				ENABLE_TESTABILITY = YES;
				GCC_C_LANGUAGE_STANDARD = gnu11;
				GCC_DYNAMIC_NO_PIC = NO;
				GCC_NO_COMMON_BLOCKS = YES;
				GCC_OPTIMIZATION_LEVEL = 0;
				GCC_PREPROCESSOR_DEFINITIONS = (
					"DEBUG=1",
					"$(inherited)",
				);
				GCC_WARN_64_TO_32_BIT_CONVERSION = YES;
				GCC_WARN_ABOUT_RETURN_TYPE = YES_ERROR;
				GCC_WARN_UNDECLARED_SELECTOR = YES;
				GCC_WARN_UNINITIALIZED_AUTOS = YES_AGGRESSIVE;
				GCC_WARN_UNUSED_FUNCTION = YES;
				GCC_WARN_UNUSED_VARIABLE = YES;
				IPHONEOS_DEPLOYMENT_TARGET = 15.0;
				MTL_ENABLE_DEBUG_INFO = INCLUDE_SOURCE;
				MTL_FAST_MATH = YES;
				ONLY_ACTIVE_ARCH = YES;
				SDKROOT = iphoneos;
				SWIFT_ACTIVE_COMPILATION_CONDITIONS = DEBUG;
				SWIFT_OPTIMIZATION_LEVEL = "-Onone";
			};
			name = Debug;
		};
		1E574E5E29A60BE90070B03B /* Release */ = {
			isa = XCBuildConfiguration;
			buildSettings = {
				ALWAYS_SEARCH_USER_PATHS = NO;
				CLANG_ANALYZER_NONNULL = YES;
				CLANG_ANALYZER_NUMBER_OBJECT_CONVERSION = YES_AGGRESSIVE;
				CLANG_CXX_LANGUAGE_STANDARD = "gnu++17";
				CLANG_ENABLE_MODULES = YES;
				CLANG_ENABLE_OBJC_ARC = YES;
				CLANG_ENABLE_OBJC_WEAK = YES;
				CLANG_WARN_BLOCK_CAPTURE_AUTORELEASING = YES;
				CLANG_WARN_BOOL_CONVERSION = YES;
				CLANG_WARN_COMMA = YES;
				CLANG_WARN_CONSTANT_CONVERSION = YES;
				CLANG_WARN_DEPRECATED_OBJC_IMPLEMENTATIONS = YES;
				CLANG_WARN_DIRECT_OBJC_ISA_USAGE = YES_ERROR;
				CLANG_WARN_DOCUMENTATION_COMMENTS = YES;
				CLANG_WARN_EMPTY_BODY = YES;
				CLANG_WARN_ENUM_CONVERSION = YES;
				CLANG_WARN_INFINITE_RECURSION = YES;
				CLANG_WARN_INT_CONVERSION = YES;
				CLANG_WARN_NON_LITERAL_NULL_CONVERSION = YES;
				CLANG_WARN_OBJC_IMPLICIT_RETAIN_SELF = YES;
				CLANG_WARN_OBJC_LITERAL_CONVERSION = YES;
				CLANG_WARN_OBJC_ROOT_CLASS = YES_ERROR;
				CLANG_WARN_QUOTED_INCLUDE_IN_FRAMEWORK_HEADER = YES;
				CLANG_WARN_RANGE_LOOP_ANALYSIS = YES;
				CLANG_WARN_STRICT_PROTOTYPES = YES;
				CLANG_WARN_SUSPICIOUS_MOVE = YES;
				CLANG_WARN_UNGUARDED_AVAILABILITY = YES_AGGRESSIVE;
				CLANG_WARN_UNREACHABLE_CODE = YES;
				CLANG_WARN__DUPLICATE_METHOD_MATCH = YES;
				COPY_PHASE_STRIP = NO;
				DEBUG_INFORMATION_FORMAT = "dwarf-with-dsym";
				ENABLE_NS_ASSERTIONS = NO;
				ENABLE_STRICT_OBJC_MSGSEND = YES;
				GCC_C_LANGUAGE_STANDARD = gnu11;
				GCC_NO_COMMON_BLOCKS = YES;
				GCC_WARN_64_TO_32_BIT_CONVERSION = YES;
				GCC_WARN_ABOUT_RETURN_TYPE = YES_ERROR;
				GCC_WARN_UNDECLARED_SELECTOR = YES;
				GCC_WARN_UNINITIALIZED_AUTOS = YES_AGGRESSIVE;
				GCC_WARN_UNUSED_FUNCTION = YES;
				GCC_WARN_UNUSED_VARIABLE = YES;
				IPHONEOS_DEPLOYMENT_TARGET = 15.0;
				MTL_ENABLE_DEBUG_INFO = NO;
				MTL_FAST_MATH = YES;
				SDKROOT = iphoneos;
				SWIFT_COMPILATION_MODE = wholemodule;
				SWIFT_OPTIMIZATION_LEVEL = "-O";
				VALIDATE_PRODUCT = YES;
			};
			name = Release;
		};
		1E574E6029A60BE90070B03B /* Debug */ = {
			isa = XCBuildConfiguration;
			buildSettings = {
				ASSETCATALOG_COMPILER_APPICON_NAME = AppIcon;
				ASSETCATALOG_COMPILER_GLOBAL_ACCENT_COLOR_NAME = AccentColor;
				CODE_SIGN_STYLE = Automatic;
				CURRENT_PROJECT_VERSION = 1;
				DEVELOPMENT_TEAM = MPN6WL3W3U;
				GENERATE_INFOPLIST_FILE = YES;
				INFOPLIST_FILE = ConcurrencyPractice/Configuration/Info.plist;
				INFOPLIST_KEY_UIApplicationSupportsIndirectInputEvents = YES;
				INFOPLIST_KEY_UILaunchStoryboardName = LaunchScreen;
				INFOPLIST_KEY_UISupportedInterfaceOrientations_iPad = "UIInterfaceOrientationPortrait UIInterfaceOrientationPortraitUpsideDown UIInterfaceOrientationLandscapeLeft UIInterfaceOrientationLandscapeRight";
				INFOPLIST_KEY_UISupportedInterfaceOrientations_iPhone = "UIInterfaceOrientationPortrait UIInterfaceOrientationLandscapeLeft UIInterfaceOrientationLandscapeRight";
				LD_RUNPATH_SEARCH_PATHS = (
					"$(inherited)",
					"@executable_path/Frameworks",
				);
				MARKETING_VERSION = 1.0;
				PRODUCT_BUNDLE_IDENTIFIER = com.sanghyeok.test.ConcurrencyPractice;
				PRODUCT_NAME = "$(TARGET_NAME)";
				SWIFT_EMIT_LOC_STRINGS = YES;
				SWIFT_VERSION = 5.0;
				TARGETED_DEVICE_FAMILY = "1,2";
			};
			name = Debug;
		};
		1E574E6129A60BE90070B03B /* Release */ = {
			isa = XCBuildConfiguration;
			buildSettings = {
				ASSETCATALOG_COMPILER_APPICON_NAME = AppIcon;
				ASSETCATALOG_COMPILER_GLOBAL_ACCENT_COLOR_NAME = AccentColor;
				CODE_SIGN_STYLE = Automatic;
				CURRENT_PROJECT_VERSION = 1;
				DEVELOPMENT_TEAM = MPN6WL3W3U;
				GENERATE_INFOPLIST_FILE = YES;
				INFOPLIST_FILE = ConcurrencyPractice/Configuration/Info.plist;
				INFOPLIST_KEY_UIApplicationSupportsIndirectInputEvents = YES;
				INFOPLIST_KEY_UILaunchStoryboardName = LaunchScreen;
				INFOPLIST_KEY_UISupportedInterfaceOrientations_iPad = "UIInterfaceOrientationPortrait UIInterfaceOrientationPortraitUpsideDown UIInterfaceOrientationLandscapeLeft UIInterfaceOrientationLandscapeRight";
				INFOPLIST_KEY_UISupportedInterfaceOrientations_iPhone = "UIInterfaceOrientationPortrait UIInterfaceOrientationLandscapeLeft UIInterfaceOrientationLandscapeRight";
				LD_RUNPATH_SEARCH_PATHS = (
					"$(inherited)",
					"@executable_path/Frameworks",
				);
				MARKETING_VERSION = 1.0;
				PRODUCT_BUNDLE_IDENTIFIER = com.sanghyeok.test.ConcurrencyPractice;
				PRODUCT_NAME = "$(TARGET_NAME)";
				SWIFT_EMIT_LOC_STRINGS = YES;
				SWIFT_VERSION = 5.0;
				TARGETED_DEVICE_FAMILY = "1,2";
			};
			name = Release;
		};
		1E574E6329A60BE90070B03B /* Debug */ = {
			isa = XCBuildConfiguration;
			buildSettings = {
				ALWAYS_EMBED_SWIFT_STANDARD_LIBRARIES = YES;
				BUNDLE_LOADER = "$(TEST_HOST)";
				CODE_SIGN_STYLE = Automatic;
				CURRENT_PROJECT_VERSION = 1;
				DEVELOPMENT_TEAM = MPN6WL3W3U;
				GENERATE_INFOPLIST_FILE = YES;
				IPHONEOS_DEPLOYMENT_TARGET = 15.5;
				MARKETING_VERSION = 1.0;
				PRODUCT_BUNDLE_IDENTIFIER = com.sanghyeok.test.ConcurrencyPracticeTests;
				PRODUCT_NAME = "$(TARGET_NAME)";
				SWIFT_EMIT_LOC_STRINGS = NO;
				SWIFT_VERSION = 5.0;
				TARGETED_DEVICE_FAMILY = "1,2";
				TEST_HOST = "$(BUILT_PRODUCTS_DIR)/ConcurrencyPractice.app/ConcurrencyPractice";
			};
			name = Debug;
		};
		1E574E6429A60BE90070B03B /* Release */ = {
			isa = XCBuildConfiguration;
			buildSettings = {
				ALWAYS_EMBED_SWIFT_STANDARD_LIBRARIES = YES;
				BUNDLE_LOADER = "$(TEST_HOST)";
				CODE_SIGN_STYLE = Automatic;
				CURRENT_PROJECT_VERSION = 1;
				DEVELOPMENT_TEAM = MPN6WL3W3U;
				GENERATE_INFOPLIST_FILE = YES;
				IPHONEOS_DEPLOYMENT_TARGET = 15.5;
				MARKETING_VERSION = 1.0;
				PRODUCT_BUNDLE_IDENTIFIER = com.sanghyeok.test.ConcurrencyPracticeTests;
				PRODUCT_NAME = "$(TARGET_NAME)";
				SWIFT_EMIT_LOC_STRINGS = NO;
				SWIFT_VERSION = 5.0;
				TARGETED_DEVICE_FAMILY = "1,2";
				TEST_HOST = "$(BUILT_PRODUCTS_DIR)/ConcurrencyPractice.app/ConcurrencyPractice";
			};
			name = Release;
		};
		1E574E6629A60BE90070B03B /* Debug */ = {
			isa = XCBuildConfiguration;
			buildSettings = {
				ALWAYS_EMBED_SWIFT_STANDARD_LIBRARIES = YES;
				CODE_SIGN_STYLE = Automatic;
				CURRENT_PROJECT_VERSION = 1;
				DEVELOPMENT_TEAM = MPN6WL3W3U;
				GENERATE_INFOPLIST_FILE = YES;
				MARKETING_VERSION = 1.0;
				PRODUCT_BUNDLE_IDENTIFIER = com.sanghyeok.test.ConcurrencyPracticeUITests;
				PRODUCT_NAME = "$(TARGET_NAME)";
				SWIFT_EMIT_LOC_STRINGS = NO;
				SWIFT_VERSION = 5.0;
				TARGETED_DEVICE_FAMILY = "1,2";
				TEST_TARGET_NAME = ConcurrencyPractice;
			};
			name = Debug;
		};
		1E574E6729A60BE90070B03B /* Release */ = {
			isa = XCBuildConfiguration;
			buildSettings = {
				ALWAYS_EMBED_SWIFT_STANDARD_LIBRARIES = YES;
				CODE_SIGN_STYLE = Automatic;
				CURRENT_PROJECT_VERSION = 1;
				DEVELOPMENT_TEAM = MPN6WL3W3U;
				GENERATE_INFOPLIST_FILE = YES;
				MARKETING_VERSION = 1.0;
				PRODUCT_BUNDLE_IDENTIFIER = com.sanghyeok.test.ConcurrencyPracticeUITests;
				PRODUCT_NAME = "$(TARGET_NAME)";
				SWIFT_EMIT_LOC_STRINGS = NO;
				SWIFT_VERSION = 5.0;
				TARGETED_DEVICE_FAMILY = "1,2";
				TEST_TARGET_NAME = ConcurrencyPractice;
			};
			name = Release;
		};
/* End XCBuildConfiguration section */

/* Begin XCConfigurationList section */
		1E574E3029A60BE80070B03B /* Build configuration list for PBXProject "ConcurrencyPractice" */ = {
			isa = XCConfigurationList;
			buildConfigurations = (
				1E574E5D29A60BE90070B03B /* Debug */,
				1E574E5E29A60BE90070B03B /* Release */,
			);
			defaultConfigurationIsVisible = 0;
			defaultConfigurationName = Release;
		};
		1E574E5F29A60BE90070B03B /* Build configuration list for PBXNativeTarget "ConcurrencyPractice" */ = {
			isa = XCConfigurationList;
			buildConfigurations = (
				1E574E6029A60BE90070B03B /* Debug */,
				1E574E6129A60BE90070B03B /* Release */,
			);
			defaultConfigurationIsVisible = 0;
			defaultConfigurationName = Release;
		};
		1E574E6229A60BE90070B03B /* Build configuration list for PBXNativeTarget "ConcurrencyPracticeTests" */ = {
			isa = XCConfigurationList;
			buildConfigurations = (
				1E574E6329A60BE90070B03B /* Debug */,
				1E574E6429A60BE90070B03B /* Release */,
			);
			defaultConfigurationIsVisible = 0;
			defaultConfigurationName = Release;
		};
		1E574E6529A60BE90070B03B /* Build configuration list for PBXNativeTarget "ConcurrencyPracticeUITests" */ = {
			isa = XCConfigurationList;
			buildConfigurations = (
				1E574E6629A60BE90070B03B /* Debug */,
				1E574E6729A60BE90070B03B /* Release */,
			);
			defaultConfigurationIsVisible = 0;
			defaultConfigurationName = Release;
		};
/* End XCConfigurationList section */
	};
	rootObject = 1E574E2D29A60BE80070B03B /* Project object */;
}
